// !$*UTF8*$!
{
	archiveVersion = 1;
	classes = {
	};
	objectVersion = 55;
	objects = {

/* Begin PBXBuildFile section */
		BD374FE1277BBACE00D56C0A /* FeedViewModel.swift in Sources */ = {isa = PBXBuildFile; fileRef = BD374FE0277BBACE00D56C0A /* FeedViewModel.swift */; };
		BD374FE3277BBB3800D56C0A /* Post.swift in Sources */ = {isa = PBXBuildFile; fileRef = BD374FE2277BBB3800D56C0A /* Post.swift */; };
		BD374FE8277BBF3F00D56C0A /* FirebaseAnalytics in Frameworks */ = {isa = PBXBuildFile; productRef = BD374FE7277BBF3F00D56C0A /* FirebaseAnalytics */; };
		BD374FEA277BBF3F00D56C0A /* FirebaseAnalyticsSwift-Beta in Frameworks */ = {isa = PBXBuildFile; productRef = BD374FE9277BBF3F00D56C0A /* FirebaseAnalyticsSwift-Beta */; };
		BD374FEC277BBF3F00D56C0A /* FirebaseAuth in Frameworks */ = {isa = PBXBuildFile; productRef = BD374FEB277BBF3F00D56C0A /* FirebaseAuth */; };
		BD374FEE277BBF3F00D56C0A /* FirebaseCrashlytics in Frameworks */ = {isa = PBXBuildFile; productRef = BD374FED277BBF3F00D56C0A /* FirebaseCrashlytics */; };
		BD374FF0277BBF3F00D56C0A /* FirebaseDatabase in Frameworks */ = {isa = PBXBuildFile; productRef = BD374FEF277BBF3F00D56C0A /* FirebaseDatabase */; };
		BD374FF2277BBF3F00D56C0A /* FirebaseDatabaseSwift-Beta in Frameworks */ = {isa = PBXBuildFile; productRef = BD374FF1277BBF3F00D56C0A /* FirebaseDatabaseSwift-Beta */; };
		BD374FF4277BBF3F00D56C0A /* FirebaseFirestore in Frameworks */ = {isa = PBXBuildFile; productRef = BD374FF3277BBF3F00D56C0A /* FirebaseFirestore */; };
		BD374FF6277BBF3F00D56C0A /* FirebaseFirestoreSwift-Beta in Frameworks */ = {isa = PBXBuildFile; productRef = BD374FF5277BBF3F00D56C0A /* FirebaseFirestoreSwift-Beta */; };
		BD7B2F9F273C43FB0032B055 /* Tests_iOS.swift in Sources */ = {isa = PBXBuildFile; fileRef = BD7B2F9E273C43FB0032B055 /* Tests_iOS.swift */; };
		BD7B2FA1273C43FB0032B055 /* Tests_iOSLaunchTests.swift in Sources */ = {isa = PBXBuildFile; fileRef = BD7B2FA0273C43FB0032B055 /* Tests_iOSLaunchTests.swift */; };
		BD7B2FAB273C43FB0032B055 /* Tests_macOS.swift in Sources */ = {isa = PBXBuildFile; fileRef = BD7B2FAA273C43FB0032B055 /* Tests_macOS.swift */; };
		BD7B2FAD273C43FB0032B055 /* Tests_macOSLaunchTests.swift in Sources */ = {isa = PBXBuildFile; fileRef = BD7B2FAC273C43FB0032B055 /* Tests_macOSLaunchTests.swift */; };
		BD7B2FAE273C43FB0032B055 /* pixApp.swift in Sources */ = {isa = PBXBuildFile; fileRef = BD7B2F86273C43F90032B055 /* pixApp.swift */; };
		BD7B2FAF273C43FB0032B055 /* pixApp.swift in Sources */ = {isa = PBXBuildFile; fileRef = BD7B2F86273C43F90032B055 /* pixApp.swift */; };
		BD7B2FB0273C43FB0032B055 /* ContentView.swift in Sources */ = {isa = PBXBuildFile; fileRef = BD7B2F87273C43F90032B055 /* ContentView.swift */; };
		BD7B2FB1273C43FB0032B055 /* ContentView.swift in Sources */ = {isa = PBXBuildFile; fileRef = BD7B2F87273C43F90032B055 /* ContentView.swift */; };
		BD7B2FB2273C43FB0032B055 /* Assets.xcassets in Resources */ = {isa = PBXBuildFile; fileRef = BD7B2F88273C43FB0032B055 /* Assets.xcassets */; };
		BD7B2FB3273C43FB0032B055 /* Assets.xcassets in Resources */ = {isa = PBXBuildFile; fileRef = BD7B2F88273C43FB0032B055 /* Assets.xcassets */; };
		BD7B9D3427444E70005C5B4E /* Sidebar.swift in Sources */ = {isa = PBXBuildFile; fileRef = BD7B9D3327444E70005C5B4E /* Sidebar.swift */; };
		BD7B9D3527444E70005C5B4E /* Sidebar.swift in Sources */ = {isa = PBXBuildFile; fileRef = BD7B9D3327444E70005C5B4E /* Sidebar.swift */; };
		BD7B9D3727444E9E005C5B4E /* TabBar.swift in Sources */ = {isa = PBXBuildFile; fileRef = BD7B9D3627444E9E005C5B4E /* TabBar.swift */; };
		BD7B9D3827444E9E005C5B4E /* TabBar.swift in Sources */ = {isa = PBXBuildFile; fileRef = BD7B9D3627444E9E005C5B4E /* TabBar.swift */; };
		BDA2A57E277BDAB200E5D680 /* PixelArt.swift in Sources */ = {isa = PBXBuildFile; fileRef = BDA2A57D277BDAB200E5D680 /* PixelArt.swift */; };
		BDA2A57F277BDAB200E5D680 /* PixelArt.swift in Sources */ = {isa = PBXBuildFile; fileRef = BDA2A57D277BDAB200E5D680 /* PixelArt.swift */; };
		BDA2A581277BE06B00E5D680 /* Utils.swift in Sources */ = {isa = PBXBuildFile; fileRef = BDA2A580277BE06B00E5D680 /* Utils.swift */; };
		BDA2A582277BE06B00E5D680 /* Utils.swift in Sources */ = {isa = PBXBuildFile; fileRef = BDA2A580277BE06B00E5D680 /* Utils.swift */; };
		BDC10B1A273C4B390062AF1C /* HomeScreen.swift in Sources */ = {isa = PBXBuildFile; fileRef = BDC10B19273C4B390062AF1C /* HomeScreen.swift */; };
		BDC10B1B273C4B390062AF1C /* HomeScreen.swift in Sources */ = {isa = PBXBuildFile; fileRef = BDC10B19273C4B390062AF1C /* HomeScreen.swift */; };
		BDC10B1E273C4F300062AF1C /* PostCard.swift in Sources */ = {isa = PBXBuildFile; fileRef = BDC10B1D273C4F300062AF1C /* PostCard.swift */; };
		BDC10B1F273C4F300062AF1C /* PostCard.swift in Sources */ = {isa = PBXBuildFile; fileRef = BDC10B1D273C4F300062AF1C /* PostCard.swift */; };
		BDC10B28273C5C880062AF1C /* LoginScreen.swift in Sources */ = {isa = PBXBuildFile; fileRef = BDC10B27273C5C880062AF1C /* LoginScreen.swift */; };
		BDC10B29273C5C880062AF1C /* LoginScreen.swift in Sources */ = {isa = PBXBuildFile; fileRef = BDC10B27273C5C880062AF1C /* LoginScreen.swift */; };
		BDC10B2B273C637F0062AF1C /* GoogleService-Info.plist in Resources */ = {isa = PBXBuildFile; fileRef = BDC10B2A273C637E0062AF1C /* GoogleService-Info.plist */; };
		BDC10B2C273C637F0062AF1C /* GoogleService-Info.plist in Resources */ = {isa = PBXBuildFile; fileRef = BDC10B2A273C637E0062AF1C /* GoogleService-Info.plist */; };
		BDC10B2E273C7C1F0062AF1C /* SettingsScreen.swift in Sources */ = {isa = PBXBuildFile; fileRef = BDC10B2D273C7C1F0062AF1C /* SettingsScreen.swift */; };
		BDC10B2F273C7C1F0062AF1C /* SettingsScreen.swift in Sources */ = {isa = PBXBuildFile; fileRef = BDC10B2D273C7C1F0062AF1C /* SettingsScreen.swift */; };
		BDC10B35273C992A0062AF1C /* Constants.swift in Sources */ = {isa = PBXBuildFile; fileRef = BDC10B34273C992A0062AF1C /* Constants.swift */; };
		BDC10B36273C992A0062AF1C /* Constants.swift in Sources */ = {isa = PBXBuildFile; fileRef = BDC10B34273C992A0062AF1C /* Constants.swift */; };
		BDD00B46277BC4F900ABE649 /* Comment.swift in Sources */ = {isa = PBXBuildFile; fileRef = BDD00B45277BC4F900ABE649 /* Comment.swift */; };
		BDD00B48277BC61600ABE649 /* User.swift in Sources */ = {isa = PBXBuildFile; fileRef = BDD00B47277BC61600ABE649 /* User.swift */; };
		BDD00B4A277BCB2000ABE649 /* PostCardViewModel.swift in Sources */ = {isa = PBXBuildFile; fileRef = BDD00B49277BCB2000ABE649 /* PostCardViewModel.swift */; };
		BDF4AFF6273F28A000622F85 /* Colors.xcassets in Resources */ = {isa = PBXBuildFile; fileRef = BDF4AFF5273F28A000622F85 /* Colors.xcassets */; };
		BDF4AFF7273F28A000622F85 /* Colors.xcassets in Resources */ = {isa = PBXBuildFile; fileRef = BDF4AFF5273F28A000622F85 /* Colors.xcassets */; };
		BDF4AFFA273F29D100622F85 /* ColorManager.swift in Sources */ = {isa = PBXBuildFile; fileRef = BDF4AFF9273F29D100622F85 /* ColorManager.swift */; };
		BDF4AFFB273F29D100622F85 /* ColorManager.swift in Sources */ = {isa = PBXBuildFile; fileRef = BDF4AFF9273F29D100622F85 /* ColorManager.swift */; };
/* End PBXBuildFile section */

/* Begin PBXContainerItemProxy section */
		BD7B2F9B273C43FB0032B055 /* PBXContainerItemProxy */ = {
			isa = PBXContainerItemProxy;
			containerPortal = BD7B2F81273C43F90032B055 /* Project object */;
			proxyType = 1;
			remoteGlobalIDString = BD7B2F8C273C43FB0032B055;
			remoteInfo = "pix (iOS)";
		};
		BD7B2FA7273C43FB0032B055 /* PBXContainerItemProxy */ = {
			isa = PBXContainerItemProxy;
			containerPortal = BD7B2F81273C43F90032B055 /* Project object */;
			proxyType = 1;
			remoteGlobalIDString = BD7B2F92273C43FB0032B055;
			remoteInfo = "pix (macOS)";
		};
/* End PBXContainerItemProxy section */

/* Begin PBXFileReference section */
		BD374FE0277BBACE00D56C0A /* FeedViewModel.swift */ = {isa = PBXFileReference; lastKnownFileType = sourcecode.swift; path = FeedViewModel.swift; sourceTree = "<group>"; };
		BD374FE2277BBB3800D56C0A /* Post.swift */ = {isa = PBXFileReference; lastKnownFileType = sourcecode.swift; path = Post.swift; sourceTree = "<group>"; };
		BD7B2F86273C43F90032B055 /* pixApp.swift */ = {isa = PBXFileReference; lastKnownFileType = sourcecode.swift; path = pixApp.swift; sourceTree = "<group>"; };
		BD7B2F87273C43F90032B055 /* ContentView.swift */ = {isa = PBXFileReference; lastKnownFileType = sourcecode.swift; path = ContentView.swift; sourceTree = "<group>"; };
		BD7B2F88273C43FB0032B055 /* Assets.xcassets */ = {isa = PBXFileReference; lastKnownFileType = folder.assetcatalog; path = Assets.xcassets; sourceTree = "<group>"; };
		BD7B2F8D273C43FB0032B055 /* pix.app */ = {isa = PBXFileReference; explicitFileType = wrapper.application; includeInIndex = 0; path = pix.app; sourceTree = BUILT_PRODUCTS_DIR; };
		BD7B2F93273C43FB0032B055 /* pix.app */ = {isa = PBXFileReference; explicitFileType = wrapper.application; includeInIndex = 0; path = pix.app; sourceTree = BUILT_PRODUCTS_DIR; };
		BD7B2F95273C43FB0032B055 /* macOS.entitlements */ = {isa = PBXFileReference; lastKnownFileType = text.plist.entitlements; path = macOS.entitlements; sourceTree = "<group>"; };
		BD7B2F9A273C43FB0032B055 /* Tests iOS.xctest */ = {isa = PBXFileReference; explicitFileType = wrapper.cfbundle; includeInIndex = 0; path = "Tests iOS.xctest"; sourceTree = BUILT_PRODUCTS_DIR; };
		BD7B2F9E273C43FB0032B055 /* Tests_iOS.swift */ = {isa = PBXFileReference; lastKnownFileType = sourcecode.swift; path = Tests_iOS.swift; sourceTree = "<group>"; };
		BD7B2FA0273C43FB0032B055 /* Tests_iOSLaunchTests.swift */ = {isa = PBXFileReference; lastKnownFileType = sourcecode.swift; path = Tests_iOSLaunchTests.swift; sourceTree = "<group>"; };
		BD7B2FA6273C43FB0032B055 /* Tests macOS.xctest */ = {isa = PBXFileReference; explicitFileType = wrapper.cfbundle; includeInIndex = 0; path = "Tests macOS.xctest"; sourceTree = BUILT_PRODUCTS_DIR; };
		BD7B2FAA273C43FB0032B055 /* Tests_macOS.swift */ = {isa = PBXFileReference; lastKnownFileType = sourcecode.swift; path = Tests_macOS.swift; sourceTree = "<group>"; };
		BD7B2FAC273C43FB0032B055 /* Tests_macOSLaunchTests.swift */ = {isa = PBXFileReference; lastKnownFileType = sourcecode.swift; path = Tests_macOSLaunchTests.swift; sourceTree = "<group>"; };
		BD7B9D3327444E70005C5B4E /* Sidebar.swift */ = {isa = PBXFileReference; lastKnownFileType = sourcecode.swift; path = Sidebar.swift; sourceTree = "<group>"; };
		BD7B9D3627444E9E005C5B4E /* TabBar.swift */ = {isa = PBXFileReference; lastKnownFileType = sourcecode.swift; path = TabBar.swift; sourceTree = "<group>"; };
		BDA2A57D277BDAB200E5D680 /* PixelArt.swift */ = {isa = PBXFileReference; lastKnownFileType = sourcecode.swift; path = PixelArt.swift; sourceTree = "<group>"; };
		BDA2A580277BE06B00E5D680 /* Utils.swift */ = {isa = PBXFileReference; lastKnownFileType = sourcecode.swift; path = Utils.swift; sourceTree = "<group>"; };
		BDC10B19273C4B390062AF1C /* HomeScreen.swift */ = {isa = PBXFileReference; lastKnownFileType = sourcecode.swift; path = HomeScreen.swift; sourceTree = "<group>"; };
		BDC10B1D273C4F300062AF1C /* PostCard.swift */ = {isa = PBXFileReference; lastKnownFileType = sourcecode.swift; path = PostCard.swift; sourceTree = "<group>"; };
		BDC10B27273C5C880062AF1C /* LoginScreen.swift */ = {isa = PBXFileReference; lastKnownFileType = sourcecode.swift; path = LoginScreen.swift; sourceTree = "<group>"; };
		BDC10B2A273C637E0062AF1C /* GoogleService-Info.plist */ = {isa = PBXFileReference; fileEncoding = 4; lastKnownFileType = text.plist.xml; path = "GoogleService-Info.plist"; sourceTree = "<group>"; };
		BDC10B2D273C7C1F0062AF1C /* SettingsScreen.swift */ = {isa = PBXFileReference; lastKnownFileType = sourcecode.swift; path = SettingsScreen.swift; sourceTree = "<group>"; };
		BDC10B34273C992A0062AF1C /* Constants.swift */ = {isa = PBXFileReference; lastKnownFileType = sourcecode.swift; path = Constants.swift; sourceTree = "<group>"; };
		BDD00B45277BC4F900ABE649 /* Comment.swift */ = {isa = PBXFileReference; lastKnownFileType = sourcecode.swift; path = Comment.swift; sourceTree = "<group>"; };
		BDD00B47277BC61600ABE649 /* User.swift */ = {isa = PBXFileReference; lastKnownFileType = sourcecode.swift; path = User.swift; sourceTree = "<group>"; };
		BDD00B49277BCB2000ABE649 /* PostCardViewModel.swift */ = {isa = PBXFileReference; lastKnownFileType = sourcecode.swift; path = PostCardViewModel.swift; sourceTree = "<group>"; };
		BDF4AFF5273F28A000622F85 /* Colors.xcassets */ = {isa = PBXFileReference; lastKnownFileType = folder.assetcatalog; path = Colors.xcassets; sourceTree = "<group>"; };
		BDF4AFF9273F29D100622F85 /* ColorManager.swift */ = {isa = PBXFileReference; lastKnownFileType = sourcecode.swift; path = ColorManager.swift; sourceTree = "<group>"; };
/* End PBXFileReference section */

/* Begin PBXFrameworksBuildPhase section */
		BD7B2F8A273C43FB0032B055 /* Frameworks */ = {
			isa = PBXFrameworksBuildPhase;
			buildActionMask = 2147483647;
			files = (
				BD374FF2277BBF3F00D56C0A /* FirebaseDatabaseSwift-Beta in Frameworks */,
				BD374FF0277BBF3F00D56C0A /* FirebaseDatabase in Frameworks */,
				BD374FEA277BBF3F00D56C0A /* FirebaseAnalyticsSwift-Beta in Frameworks */,
				BD374FEE277BBF3F00D56C0A /* FirebaseCrashlytics in Frameworks */,
				BD374FEC277BBF3F00D56C0A /* FirebaseAuth in Frameworks */,
				BD374FF6277BBF3F00D56C0A /* FirebaseFirestoreSwift-Beta in Frameworks */,
				BD374FE8277BBF3F00D56C0A /* FirebaseAnalytics in Frameworks */,
				BD374FF4277BBF3F00D56C0A /* FirebaseFirestore in Frameworks */,
			);
			runOnlyForDeploymentPostprocessing = 0;
		};
		BD7B2F90273C43FB0032B055 /* Frameworks */ = {
			isa = PBXFrameworksBuildPhase;
			buildActionMask = 2147483647;
			files = (
			);
			runOnlyForDeploymentPostprocessing = 0;
		};
		BD7B2F97273C43FB0032B055 /* Frameworks */ = {
			isa = PBXFrameworksBuildPhase;
			buildActionMask = 2147483647;
			files = (
			);
			runOnlyForDeploymentPostprocessing = 0;
		};
		BD7B2FA3273C43FB0032B055 /* Frameworks */ = {
			isa = PBXFrameworksBuildPhase;
			buildActionMask = 2147483647;
			files = (
			);
			runOnlyForDeploymentPostprocessing = 0;
		};
/* End PBXFrameworksBuildPhase section */

/* Begin PBXGroup section */
		BD374FE4277BBB7500D56C0A /* ViewModels */ = {
			isa = PBXGroup;
			children = (
				BD374FE0277BBACE00D56C0A /* FeedViewModel.swift */,
				BDD00B49277BCB2000ABE649 /* PostCardViewModel.swift */,
			);
			path = ViewModels;
			sourceTree = "<group>";
		};
		BD374FE5277BBBCC00D56C0A /* Navigation */ = {
			isa = PBXGroup;
			children = (
				BD7B9D3327444E70005C5B4E /* Sidebar.swift */,
				BD7B9D3627444E9E005C5B4E /* TabBar.swift */,
			);
			path = Navigation;
			sourceTree = "<group>";
		};
		BD7B2F80273C43F90032B055 = {
			isa = PBXGroup;
			children = (
				BDC10B2A273C637E0062AF1C /* GoogleService-Info.plist */,
				BD7B2F85273C43F90032B055 /* Shared */,
				BD7B2F94273C43FB0032B055 /* macOS */,
				BD7B2F9D273C43FB0032B055 /* Tests iOS */,
				BD7B2FA9273C43FB0032B055 /* Tests macOS */,
				BD7B2F8E273C43FB0032B055 /* Products */,
			);
			sourceTree = "<group>";
		};
		BD7B2F85273C43F90032B055 /* Shared */ = {
			isa = PBXGroup;
			children = (
				BDF4AFF8273F29B100622F85 /* Colors */,
				BD374FE4277BBB7500D56C0A /* ViewModels */,
				BDC10B1C273C4F210062AF1C /* Views */,
				BD7B2FC3273C447C0032B055 /* Models */,
				BD7B2FC2273C44670032B055 /* Screens */,
				BD7B2F86273C43F90032B055 /* pixApp.swift */,
				BD7B2F87273C43F90032B055 /* ContentView.swift */,
				BD7B2F88273C43FB0032B055 /* Assets.xcassets */,
				BDC10B34273C992A0062AF1C /* Constants.swift */,
				BDA2A580277BE06B00E5D680 /* Utils.swift */,
			);
			path = Shared;
			sourceTree = "<group>";
		};
		BD7B2F8E273C43FB0032B055 /* Products */ = {
			isa = PBXGroup;
			children = (
				BD7B2F8D273C43FB0032B055 /* pix.app */,
				BD7B2F93273C43FB0032B055 /* pix.app */,
				BD7B2F9A273C43FB0032B055 /* Tests iOS.xctest */,
				BD7B2FA6273C43FB0032B055 /* Tests macOS.xctest */,
			);
			name = Products;
			sourceTree = "<group>";
		};
		BD7B2F94273C43FB0032B055 /* macOS */ = {
			isa = PBXGroup;
			children = (
				BD7B2F95273C43FB0032B055 /* macOS.entitlements */,
			);
			path = macOS;
			sourceTree = "<group>";
		};
		BD7B2F9D273C43FB0032B055 /* Tests iOS */ = {
			isa = PBXGroup;
			children = (
				BD7B2F9E273C43FB0032B055 /* Tests_iOS.swift */,
				BD7B2FA0273C43FB0032B055 /* Tests_iOSLaunchTests.swift */,
			);
			path = "Tests iOS";
			sourceTree = "<group>";
		};
		BD7B2FA9273C43FB0032B055 /* Tests macOS */ = {
			isa = PBXGroup;
			children = (
				BD7B2FAA273C43FB0032B055 /* Tests_macOS.swift */,
				BD7B2FAC273C43FB0032B055 /* Tests_macOSLaunchTests.swift */,
			);
			path = "Tests macOS";
			sourceTree = "<group>";
		};
		BD7B2FC2273C44670032B055 /* Screens */ = {
			isa = PBXGroup;
			children = (
				BDC10B19273C4B390062AF1C /* HomeScreen.swift */,
				BDC10B27273C5C880062AF1C /* LoginScreen.swift */,
				BDC10B2D273C7C1F0062AF1C /* SettingsScreen.swift */,
			);
			path = Screens;
			sourceTree = "<group>";
		};
		BD7B2FC3273C447C0032B055 /* Models */ = {
			isa = PBXGroup;
			children = (
				BD374FE2277BBB3800D56C0A /* Post.swift */,
				BDD00B45277BC4F900ABE649 /* Comment.swift */,
				BDD00B47277BC61600ABE649 /* User.swift */,
			);
			path = Models;
			sourceTree = "<group>";
		};
		BDC10B1C273C4F210062AF1C /* Views */ = {
			isa = PBXGroup;
			children = (
				BD374FE5277BBBCC00D56C0A /* Navigation */,
				BDC10B1D273C4F300062AF1C /* PostCard.swift */,
				BDA2A57D277BDAB200E5D680 /* PixelArt.swift */,
			);
			path = Views;
			sourceTree = "<group>";
		};
		BDF4AFF8273F29B100622F85 /* Colors */ = {
			isa = PBXGroup;
			children = (
				BDF4AFF5273F28A000622F85 /* Colors.xcassets */,
				BDF4AFF9273F29D100622F85 /* ColorManager.swift */,
			);
			path = Colors;
			sourceTree = "<group>";
		};
/* End PBXGroup section */

/* Begin PBXNativeTarget section */
		BD7B2F8C273C43FB0032B055 /* pix (iOS) */ = {
			isa = PBXNativeTarget;
			buildConfigurationList = BD7B2FB6273C43FB0032B055 /* Build configuration list for PBXNativeTarget "pix (iOS)" */;
			buildPhases = (
				BD7B2F89273C43FB0032B055 /* Sources */,
				BD7B2F8A273C43FB0032B055 /* Frameworks */,
				BD7B2F8B273C43FB0032B055 /* Resources */,
			);
			buildRules = (
			);
			dependencies = (
			);
			name = "pix (iOS)";
			packageProductDependencies = (
				BD374FE7277BBF3F00D56C0A /* FirebaseAnalytics */,
				BD374FE9277BBF3F00D56C0A /* FirebaseAnalyticsSwift-Beta */,
				BD374FEB277BBF3F00D56C0A /* FirebaseAuth */,
				BD374FED277BBF3F00D56C0A /* FirebaseCrashlytics */,
				BD374FEF277BBF3F00D56C0A /* FirebaseDatabase */,
				BD374FF1277BBF3F00D56C0A /* FirebaseDatabaseSwift-Beta */,
				BD374FF3277BBF3F00D56C0A /* FirebaseFirestore */,
				BD374FF5277BBF3F00D56C0A /* FirebaseFirestoreSwift-Beta */,
			);
			productName = "pix (iOS)";
			productReference = BD7B2F8D273C43FB0032B055 /* pix.app */;
			productType = "com.apple.product-type.application";
		};
		BD7B2F92273C43FB0032B055 /* pix (macOS) */ = {
			isa = PBXNativeTarget;
			buildConfigurationList = BD7B2FB9273C43FB0032B055 /* Build configuration list for PBXNativeTarget "pix (macOS)" */;
			buildPhases = (
				BD7B2F8F273C43FB0032B055 /* Sources */,
				BD7B2F90273C43FB0032B055 /* Frameworks */,
				BD7B2F91273C43FB0032B055 /* Resources */,
			);
			buildRules = (
			);
			dependencies = (
			);
			name = "pix (macOS)";
			productName = "pix (macOS)";
			productReference = BD7B2F93273C43FB0032B055 /* pix.app */;
			productType = "com.apple.product-type.application";
		};
		BD7B2F99273C43FB0032B055 /* Tests iOS */ = {
			isa = PBXNativeTarget;
			buildConfigurationList = BD7B2FBC273C43FB0032B055 /* Build configuration list for PBXNativeTarget "Tests iOS" */;
			buildPhases = (
				BD7B2F96273C43FB0032B055 /* Sources */,
				BD7B2F97273C43FB0032B055 /* Frameworks */,
				BD7B2F98273C43FB0032B055 /* Resources */,
			);
			buildRules = (
			);
			dependencies = (
				BD7B2F9C273C43FB0032B055 /* PBXTargetDependency */,
			);
			name = "Tests iOS";
			productName = "Tests iOS";
			productReference = BD7B2F9A273C43FB0032B055 /* Tests iOS.xctest */;
			productType = "com.apple.product-type.bundle.ui-testing";
		};
		BD7B2FA5273C43FB0032B055 /* Tests macOS */ = {
			isa = PBXNativeTarget;
			buildConfigurationList = BD7B2FBF273C43FB0032B055 /* Build configuration list for PBXNativeTarget "Tests macOS" */;
			buildPhases = (
				BD7B2FA2273C43FB0032B055 /* Sources */,
				BD7B2FA3273C43FB0032B055 /* Frameworks */,
				BD7B2FA4273C43FB0032B055 /* Resources */,
			);
			buildRules = (
			);
			dependencies = (
				BD7B2FA8273C43FB0032B055 /* PBXTargetDependency */,
			);
			name = "Tests macOS";
			productName = "Tests macOS";
			productReference = BD7B2FA6273C43FB0032B055 /* Tests macOS.xctest */;
			productType = "com.apple.product-type.bundle.ui-testing";
		};
/* End PBXNativeTarget section */

/* Begin PBXProject section */
		BD7B2F81273C43F90032B055 /* Project object */ = {
			isa = PBXProject;
			attributes = {
				BuildIndependentTargetsInParallel = 1;
				LastSwiftUpdateCheck = 1310;
				LastUpgradeCheck = 1310;
				TargetAttributes = {
					BD7B2F8C273C43FB0032B055 = {
						CreatedOnToolsVersion = 13.1;
					};
					BD7B2F92273C43FB0032B055 = {
						CreatedOnToolsVersion = 13.1;
					};
					BD7B2F99273C43FB0032B055 = {
						CreatedOnToolsVersion = 13.1;
						TestTargetID = BD7B2F8C273C43FB0032B055;
					};
					BD7B2FA5273C43FB0032B055 = {
						CreatedOnToolsVersion = 13.1;
						TestTargetID = BD7B2F92273C43FB0032B055;
					};
				};
			};
			buildConfigurationList = BD7B2F84273C43F90032B055 /* Build configuration list for PBXProject "pix" */;
			compatibilityVersion = "Xcode 13.0";
			developmentRegion = en;
			hasScannedForEncodings = 0;
			knownRegions = (
				en,
				Base,
			);
			mainGroup = BD7B2F80273C43F90032B055;
			packageReferences = (
				BD374FE6277BBF3F00D56C0A /* XCRemoteSwiftPackageReference "firebase-ios-sdk" */,
			);
			productRefGroup = BD7B2F8E273C43FB0032B055 /* Products */;
			projectDirPath = "";
			projectRoot = "";
			targets = (
				BD7B2F8C273C43FB0032B055 /* pix (iOS) */,
				BD7B2F92273C43FB0032B055 /* pix (macOS) */,
				BD7B2F99273C43FB0032B055 /* Tests iOS */,
				BD7B2FA5273C43FB0032B055 /* Tests macOS */,
			);
		};
/* End PBXProject section */

/* Begin PBXResourcesBuildPhase section */
		BD7B2F8B273C43FB0032B055 /* Resources */ = {
			isa = PBXResourcesBuildPhase;
			buildActionMask = 2147483647;
			files = (
				BDF4AFF6273F28A000622F85 /* Colors.xcassets in Resources */,
				BD7B2FB2273C43FB0032B055 /* Assets.xcassets in Resources */,
				BDC10B2B273C637F0062AF1C /* GoogleService-Info.plist in Resources */,
			);
			runOnlyForDeploymentPostprocessing = 0;
		};
		BD7B2F91273C43FB0032B055 /* Resources */ = {
			isa = PBXResourcesBuildPhase;
			buildActionMask = 2147483647;
			files = (
				BDF4AFF7273F28A000622F85 /* Colors.xcassets in Resources */,
				BD7B2FB3273C43FB0032B055 /* Assets.xcassets in Resources */,
				BDC10B2C273C637F0062AF1C /* GoogleService-Info.plist in Resources */,
			);
			runOnlyForDeploymentPostprocessing = 0;
		};
		BD7B2F98273C43FB0032B055 /* Resources */ = {
			isa = PBXResourcesBuildPhase;
			buildActionMask = 2147483647;
			files = (
			);
			runOnlyForDeploymentPostprocessing = 0;
		};
		BD7B2FA4273C43FB0032B055 /* Resources */ = {
			isa = PBXResourcesBuildPhase;
			buildActionMask = 2147483647;
			files = (
			);
			runOnlyForDeploymentPostprocessing = 0;
		};
/* End PBXResourcesBuildPhase section */

/* Begin PBXSourcesBuildPhase section */
		BD7B2F89273C43FB0032B055 /* Sources */ = {
			isa = PBXSourcesBuildPhase;
			buildActionMask = 2147483647;
			files = (
				BD7B9D3427444E70005C5B4E /* Sidebar.swift in Sources */,
				BD7B2FB0273C43FB0032B055 /* ContentView.swift in Sources */,
				BDA2A57E277BDAB200E5D680 /* PixelArt.swift in Sources */,
				BDC10B1E273C4F300062AF1C /* PostCard.swift in Sources */,
				BD374FE3277BBB3800D56C0A /* Post.swift in Sources */,
				BD7B2FAE273C43FB0032B055 /* pixApp.swift in Sources */,
				BDC10B1A273C4B390062AF1C /* HomeScreen.swift in Sources */,
				BDD00B48277BC61600ABE649 /* User.swift in Sources */,
				BDC10B2E273C7C1F0062AF1C /* SettingsScreen.swift in Sources */,
				BDA2A581277BE06B00E5D680 /* Utils.swift in Sources */,
				BDF4AFFA273F29D100622F85 /* ColorManager.swift in Sources */,
				BDD00B46277BC4F900ABE649 /* Comment.swift in Sources */,
				BD7B9D3727444E9E005C5B4E /* TabBar.swift in Sources */,
				BDC10B28273C5C880062AF1C /* LoginScreen.swift in Sources */,
				BDC10B35273C992A0062AF1C /* Constants.swift in Sources */,
				BDD00B4A277BCB2000ABE649 /* PostCardViewModel.swift in Sources */,
				BD374FE1277BBACE00D56C0A /* FeedViewModel.swift in Sources */,
			);
			runOnlyForDeploymentPostprocessing = 0;
		};
		BD7B2F8F273C43FB0032B055 /* Sources */ = {
			isa = PBXSourcesBuildPhase;
			buildActionMask = 2147483647;
			files = (
				BD7B9D3527444E70005C5B4E /* Sidebar.swift in Sources */,
				BD7B2FB1273C43FB0032B055 /* ContentView.swift in Sources */,
				BDC10B1F273C4F300062AF1C /* PostCard.swift in Sources */,
				BD7B2FAF273C43FB0032B055 /* pixApp.swift in Sources */,
				BDC10B1B273C4B390062AF1C /* HomeScreen.swift in Sources */,
				BDC10B2F273C7C1F0062AF1C /* SettingsScreen.swift in Sources */,
				BDA2A57F277BDAB200E5D680 /* PixelArt.swift in Sources */,
				BDF4AFFB273F29D100622F85 /* ColorManager.swift in Sources */,
				BD7B9D3827444E9E005C5B4E /* TabBar.swift in Sources */,
				BDC10B29273C5C880062AF1C /* LoginScreen.swift in Sources */,
				BDC10B36273C992A0062AF1C /* Constants.swift in Sources */,
				BDA2A582277BE06B00E5D680 /* Utils.swift in Sources */,
			);
			runOnlyForDeploymentPostprocessing = 0;
		};
		BD7B2F96273C43FB0032B055 /* Sources */ = {
			isa = PBXSourcesBuildPhase;
			buildActionMask = 2147483647;
			files = (
				BD7B2FA1273C43FB0032B055 /* Tests_iOSLaunchTests.swift in Sources */,
				BD7B2F9F273C43FB0032B055 /* Tests_iOS.swift in Sources */,
			);
			runOnlyForDeploymentPostprocessing = 0;
		};
		BD7B2FA2273C43FB0032B055 /* Sources */ = {
			isa = PBXSourcesBuildPhase;
			buildActionMask = 2147483647;
			files = (
				BD7B2FAD273C43FB0032B055 /* Tests_macOSLaunchTests.swift in Sources */,
				BD7B2FAB273C43FB0032B055 /* Tests_macOS.swift in Sources */,
			);
			runOnlyForDeploymentPostprocessing = 0;
		};
/* End PBXSourcesBuildPhase section */

/* Begin PBXTargetDependency section */
		BD7B2F9C273C43FB0032B055 /* PBXTargetDependency */ = {
			isa = PBXTargetDependency;
			target = BD7B2F8C273C43FB0032B055 /* pix (iOS) */;
			targetProxy = BD7B2F9B273C43FB0032B055 /* PBXContainerItemProxy */;
		};
		BD7B2FA8273C43FB0032B055 /* PBXTargetDependency */ = {
			isa = PBXTargetDependency;
			target = BD7B2F92273C43FB0032B055 /* pix (macOS) */;
			targetProxy = BD7B2FA7273C43FB0032B055 /* PBXContainerItemProxy */;
		};
/* End PBXTargetDependency section */

/* Begin XCBuildConfiguration section */
		BD7B2FB4273C43FB0032B055 /* Debug */ = {
			isa = XCBuildConfiguration;
			buildSettings = {
				ALWAYS_SEARCH_USER_PATHS = NO;
				CLANG_ANALYZER_NONNULL = YES;
				CLANG_ANALYZER_NUMBER_OBJECT_CONVERSION = YES_AGGRESSIVE;
				CLANG_CXX_LANGUAGE_STANDARD = "gnu++17";
				CLANG_CXX_LIBRARY = "libc++";
				CLANG_ENABLE_MODULES = YES;
				CLANG_ENABLE_OBJC_ARC = YES;
				CLANG_ENABLE_OBJC_WEAK = YES;
				CLANG_WARN_BLOCK_CAPTURE_AUTORELEASING = YES;
				CLANG_WARN_BOOL_CONVERSION = YES;
				CLANG_WARN_COMMA = YES;
				CLANG_WARN_CONSTANT_CONVERSION = YES;
				CLANG_WARN_DEPRECATED_OBJC_IMPLEMENTATIONS = YES;
				CLANG_WARN_DIRECT_OBJC_ISA_USAGE = YES_ERROR;
				CLANG_WARN_DOCUMENTATION_COMMENTS = YES;
				CLANG_WARN_EMPTY_BODY = YES;
				CLANG_WARN_ENUM_CONVERSION = YES;
				CLANG_WARN_INFINITE_RECURSION = YES;
				CLANG_WARN_INT_CONVERSION = YES;
				CLANG_WARN_NON_LITERAL_NULL_CONVERSION = YES;
				CLANG_WARN_OBJC_IMPLICIT_RETAIN_SELF = YES;
				CLANG_WARN_OBJC_LITERAL_CONVERSION = YES;
				CLANG_WARN_OBJC_ROOT_CLASS = YES_ERROR;
				CLANG_WARN_QUOTED_INCLUDE_IN_FRAMEWORK_HEADER = YES;
				CLANG_WARN_RANGE_LOOP_ANALYSIS = YES;
				CLANG_WARN_STRICT_PROTOTYPES = YES;
				CLANG_WARN_SUSPICIOUS_MOVE = YES;
				CLANG_WARN_UNGUARDED_AVAILABILITY = YES_AGGRESSIVE;
				CLANG_WARN_UNREACHABLE_CODE = YES;
				CLANG_WARN__DUPLICATE_METHOD_MATCH = YES;
				COPY_PHASE_STRIP = NO;
				DEBUG_INFORMATION_FORMAT = dwarf;
				ENABLE_STRICT_OBJC_MSGSEND = YES;
				ENABLE_TESTABILITY = YES;
				GCC_C_LANGUAGE_STANDARD = gnu11;
				GCC_DYNAMIC_NO_PIC = NO;
				GCC_NO_COMMON_BLOCKS = YES;
				GCC_OPTIMIZATION_LEVEL = 0;
				GCC_PREPROCESSOR_DEFINITIONS = (
					"DEBUG=1",
					"$(inherited)",
				);
				GCC_WARN_64_TO_32_BIT_CONVERSION = YES;
				GCC_WARN_ABOUT_RETURN_TYPE = YES_ERROR;
				GCC_WARN_UNDECLARED_SELECTOR = YES;
				GCC_WARN_UNINITIALIZED_AUTOS = YES_AGGRESSIVE;
				GCC_WARN_UNUSED_FUNCTION = YES;
				GCC_WARN_UNUSED_VARIABLE = YES;
				MTL_ENABLE_DEBUG_INFO = INCLUDE_SOURCE;
				MTL_FAST_MATH = YES;
				ONLY_ACTIVE_ARCH = YES;
				OTHER_LDFLAGS = "-ObjC";
				SWIFT_ACTIVE_COMPILATION_CONDITIONS = DEBUG;
				SWIFT_OPTIMIZATION_LEVEL = "-Onone";
			};
			name = Debug;
		};
		BD7B2FB5273C43FB0032B055 /* Release */ = {
			isa = XCBuildConfiguration;
			buildSettings = {
				ALWAYS_SEARCH_USER_PATHS = NO;
				CLANG_ANALYZER_NONNULL = YES;
				CLANG_ANALYZER_NUMBER_OBJECT_CONVERSION = YES_AGGRESSIVE;
				CLANG_CXX_LANGUAGE_STANDARD = "gnu++17";
				CLANG_CXX_LIBRARY = "libc++";
				CLANG_ENABLE_MODULES = YES;
				CLANG_ENABLE_OBJC_ARC = YES;
				CLANG_ENABLE_OBJC_WEAK = YES;
				CLANG_WARN_BLOCK_CAPTURE_AUTORELEASING = YES;
				CLANG_WARN_BOOL_CONVERSION = YES;
				CLANG_WARN_COMMA = YES;
				CLANG_WARN_CONSTANT_CONVERSION = YES;
				CLANG_WARN_DEPRECATED_OBJC_IMPLEMENTATIONS = YES;
				CLANG_WARN_DIRECT_OBJC_ISA_USAGE = YES_ERROR;
				CLANG_WARN_DOCUMENTATION_COMMENTS = YES;
				CLANG_WARN_EMPTY_BODY = YES;
				CLANG_WARN_ENUM_CONVERSION = YES;
				CLANG_WARN_INFINITE_RECURSION = YES;
				CLANG_WARN_INT_CONVERSION = YES;
				CLANG_WARN_NON_LITERAL_NULL_CONVERSION = YES;
				CLANG_WARN_OBJC_IMPLICIT_RETAIN_SELF = YES;
				CLANG_WARN_OBJC_LITERAL_CONVERSION = YES;
				CLANG_WARN_OBJC_ROOT_CLASS = YES_ERROR;
				CLANG_WARN_QUOTED_INCLUDE_IN_FRAMEWORK_HEADER = YES;
				CLANG_WARN_RANGE_LOOP_ANALYSIS = YES;
				CLANG_WARN_STRICT_PROTOTYPES = YES;
				CLANG_WARN_SUSPICIOUS_MOVE = YES;
				CLANG_WARN_UNGUARDED_AVAILABILITY = YES_AGGRESSIVE;
				CLANG_WARN_UNREACHABLE_CODE = YES;
				CLANG_WARN__DUPLICATE_METHOD_MATCH = YES;
				COPY_PHASE_STRIP = NO;
				DEBUG_INFORMATION_FORMAT = "dwarf-with-dsym";
				ENABLE_NS_ASSERTIONS = NO;
				ENABLE_STRICT_OBJC_MSGSEND = YES;
				GCC_C_LANGUAGE_STANDARD = gnu11;
				GCC_NO_COMMON_BLOCKS = YES;
				GCC_WARN_64_TO_32_BIT_CONVERSION = YES;
				GCC_WARN_ABOUT_RETURN_TYPE = YES_ERROR;
				GCC_WARN_UNDECLARED_SELECTOR = YES;
				GCC_WARN_UNINITIALIZED_AUTOS = YES_AGGRESSIVE;
				GCC_WARN_UNUSED_FUNCTION = YES;
				GCC_WARN_UNUSED_VARIABLE = YES;
				MTL_ENABLE_DEBUG_INFO = NO;
				MTL_FAST_MATH = YES;
				OTHER_LDFLAGS = "-ObjC";
				SWIFT_COMPILATION_MODE = wholemodule;
				SWIFT_OPTIMIZATION_LEVEL = "-O";
			};
			name = Release;
		};
		BD7B2FB7273C43FB0032B055 /* Debug */ = {
			isa = XCBuildConfiguration;
			buildSettings = {
				ASSETCATALOG_COMPILER_APPICON_NAME = AppIcon;
				ASSETCATALOG_COMPILER_GLOBAL_ACCENT_COLOR_NAME = AccentColor;
				CODE_SIGN_STYLE = Automatic;
				CURRENT_PROJECT_VERSION = 1;
				DEVELOPMENT_TEAM = 6WD2C784QG;
				ENABLE_PREVIEWS = YES;
				GENERATE_INFOPLIST_FILE = YES;
				INFOPLIST_KEY_UIApplicationSceneManifest_Generation = YES;
				INFOPLIST_KEY_UIApplicationSupportsIndirectInputEvents = YES;
				INFOPLIST_KEY_UILaunchScreen_Generation = YES;
				INFOPLIST_KEY_UISupportedInterfaceOrientations_iPad = "UIInterfaceOrientationPortrait UIInterfaceOrientationPortraitUpsideDown UIInterfaceOrientationLandscapeLeft UIInterfaceOrientationLandscapeRight";
				INFOPLIST_KEY_UISupportedInterfaceOrientations_iPhone = "UIInterfaceOrientationPortrait UIInterfaceOrientationLandscapeLeft UIInterfaceOrientationLandscapeRight";
				IPHONEOS_DEPLOYMENT_TARGET = 15.0;
				LD_RUNPATH_SEARCH_PATHS = (
					"$(inherited)",
					"@executable_path/Frameworks",
				);
				MARKETING_VERSION = 1.0;
				PRODUCT_BUNDLE_IDENTIFIER = com.maximenory.pix;
				PRODUCT_NAME = pix;
				SDKROOT = iphoneos;
				SWIFT_EMIT_LOC_STRINGS = YES;
				SWIFT_VERSION = 5.0;
				TARGETED_DEVICE_FAMILY = "1,2";
			};
			name = Debug;
		};
		BD7B2FB8273C43FB0032B055 /* Release */ = {
			isa = XCBuildConfiguration;
			buildSettings = {
				ASSETCATALOG_COMPILER_APPICON_NAME = AppIcon;
				ASSETCATALOG_COMPILER_GLOBAL_ACCENT_COLOR_NAME = AccentColor;
				CODE_SIGN_STYLE = Automatic;
				CURRENT_PROJECT_VERSION = 1;
				DEVELOPMENT_TEAM = 6WD2C784QG;
				ENABLE_PREVIEWS = YES;
				GENERATE_INFOPLIST_FILE = YES;
				INFOPLIST_KEY_UIApplicationSceneManifest_Generation = YES;
				INFOPLIST_KEY_UIApplicationSupportsIndirectInputEvents = YES;
				INFOPLIST_KEY_UILaunchScreen_Generation = YES;
				INFOPLIST_KEY_UISupportedInterfaceOrientations_iPad = "UIInterfaceOrientationPortrait UIInterfaceOrientationPortraitUpsideDown UIInterfaceOrientationLandscapeLeft UIInterfaceOrientationLandscapeRight";
				INFOPLIST_KEY_UISupportedInterfaceOrientations_iPhone = "UIInterfaceOrientationPortrait UIInterfaceOrientationLandscapeLeft UIInterfaceOrientationLandscapeRight";
				IPHONEOS_DEPLOYMENT_TARGET = 15.0;
				LD_RUNPATH_SEARCH_PATHS = (
					"$(inherited)",
					"@executable_path/Frameworks",
				);
				MARKETING_VERSION = 1.0;
				PRODUCT_BUNDLE_IDENTIFIER = com.maximenory.pix;
				PRODUCT_NAME = pix;
				SDKROOT = iphoneos;
				SWIFT_EMIT_LOC_STRINGS = YES;
				SWIFT_VERSION = 5.0;
				TARGETED_DEVICE_FAMILY = "1,2";
				VALIDATE_PRODUCT = YES;
			};
			name = Release;
		};
		BD7B2FBA273C43FB0032B055 /* Debug */ = {
			isa = XCBuildConfiguration;
			buildSettings = {
				ASSETCATALOG_COMPILER_APPICON_NAME = AppIcon;
				ASSETCATALOG_COMPILER_GLOBAL_ACCENT_COLOR_NAME = AccentColor;
				CODE_SIGN_ENTITLEMENTS = macOS/macOS.entitlements;
				CODE_SIGN_STYLE = Automatic;
				COMBINE_HIDPI_IMAGES = YES;
				CURRENT_PROJECT_VERSION = 1;
				ENABLE_PREVIEWS = YES;
				GENERATE_INFOPLIST_FILE = YES;
				INFOPLIST_KEY_NSHumanReadableCopyright = "";
				LD_RUNPATH_SEARCH_PATHS = (
					"$(inherited)",
					"@executable_path/../Frameworks",
				);
				MACOSX_DEPLOYMENT_TARGET = 12.0;
				MARKETING_VERSION = 1.0;
				PRODUCT_BUNDLE_IDENTIFIER = com.maximenory.pix;
				PRODUCT_NAME = pix;
				SDKROOT = macosx;
				SWIFT_EMIT_LOC_STRINGS = YES;
				SWIFT_VERSION = 5.0;
			};
			name = Debug;
		};
		BD7B2FBB273C43FB0032B055 /* Release */ = {
			isa = XCBuildConfiguration;
			buildSettings = {
				ASSETCATALOG_COMPILER_APPICON_NAME = AppIcon;
				ASSETCATALOG_COMPILER_GLOBAL_ACCENT_COLOR_NAME = AccentColor;
				CODE_SIGN_ENTITLEMENTS = macOS/macOS.entitlements;
				CODE_SIGN_STYLE = Automatic;
				COMBINE_HIDPI_IMAGES = YES;
				CURRENT_PROJECT_VERSION = 1;
				ENABLE_PREVIEWS = YES;
				GENERATE_INFOPLIST_FILE = YES;
				INFOPLIST_KEY_NSHumanReadableCopyright = "";
				LD_RUNPATH_SEARCH_PATHS = (
					"$(inherited)",
					"@executable_path/../Frameworks",
				);
				MACOSX_DEPLOYMENT_TARGET = 12.0;
				MARKETING_VERSION = 1.0;
				PRODUCT_BUNDLE_IDENTIFIER = com.maximenory.pix;
				PRODUCT_NAME = pix;
				SDKROOT = macosx;
				SWIFT_EMIT_LOC_STRINGS = YES;
				SWIFT_VERSION = 5.0;
			};
			name = Release;
		};
		BD7B2FBD273C43FB0032B055 /* Debug */ = {
			isa = XCBuildConfiguration;
			buildSettings = {
				ALWAYS_EMBED_SWIFT_STANDARD_LIBRARIES = YES;
				CODE_SIGN_STYLE = Automatic;
				CURRENT_PROJECT_VERSION = 1;
				GENERATE_INFOPLIST_FILE = YES;
				IPHONEOS_DEPLOYMENT_TARGET = 15.0;
				LD_RUNPATH_SEARCH_PATHS = (
					"$(inherited)",
					"@executable_path/Frameworks",
					"@loader_path/Frameworks",
				);
				MARKETING_VERSION = 1.0;
				PRODUCT_BUNDLE_IDENTIFIER = "com.maximenory.Tests-iOS";
				PRODUCT_NAME = "$(TARGET_NAME)";
				SDKROOT = iphoneos;
				SWIFT_EMIT_LOC_STRINGS = NO;
				SWIFT_VERSION = 5.0;
				TARGETED_DEVICE_FAMILY = "1,2";
				TEST_TARGET_NAME = "pix (iOS)";
			};
			name = Debug;
		};
		BD7B2FBE273C43FB0032B055 /* Release */ = {
			isa = XCBuildConfiguration;
			buildSettings = {
				ALWAYS_EMBED_SWIFT_STANDARD_LIBRARIES = YES;
				CODE_SIGN_STYLE = Automatic;
				CURRENT_PROJECT_VERSION = 1;
				GENERATE_INFOPLIST_FILE = YES;
				IPHONEOS_DEPLOYMENT_TARGET = 15.0;
				LD_RUNPATH_SEARCH_PATHS = (
					"$(inherited)",
					"@executable_path/Frameworks",
					"@loader_path/Frameworks",
				);
				MARKETING_VERSION = 1.0;
				PRODUCT_BUNDLE_IDENTIFIER = "com.maximenory.Tests-iOS";
				PRODUCT_NAME = "$(TARGET_NAME)";
				SDKROOT = iphoneos;
				SWIFT_EMIT_LOC_STRINGS = NO;
				SWIFT_VERSION = 5.0;
				TARGETED_DEVICE_FAMILY = "1,2";
				TEST_TARGET_NAME = "pix (iOS)";
				VALIDATE_PRODUCT = YES;
			};
			name = Release;
		};
		BD7B2FC0273C43FB0032B055 /* Debug */ = {
			isa = XCBuildConfiguration;
			buildSettings = {
				ALWAYS_EMBED_SWIFT_STANDARD_LIBRARIES = YES;
				CODE_SIGN_STYLE = Automatic;
				COMBINE_HIDPI_IMAGES = YES;
				CURRENT_PROJECT_VERSION = 1;
				GENERATE_INFOPLIST_FILE = YES;
				LD_RUNPATH_SEARCH_PATHS = (
					"$(inherited)",
					"@executable_path/../Frameworks",
					"@loader_path/../Frameworks",
				);
				MACOSX_DEPLOYMENT_TARGET = 12.0;
				MARKETING_VERSION = 1.0;
				PRODUCT_BUNDLE_IDENTIFIER = "com.maximenory.Tests-macOS";
				PRODUCT_NAME = "$(TARGET_NAME)";
				SDKROOT = macosx;
				SWIFT_EMIT_LOC_STRINGS = NO;
				SWIFT_VERSION = 5.0;
				TEST_TARGET_NAME = "pix (macOS)";
			};
			name = Debug;
		};
		BD7B2FC1273C43FB0032B055 /* Release */ = {
			isa = XCBuildConfiguration;
			buildSettings = {
				ALWAYS_EMBED_SWIFT_STANDARD_LIBRARIES = YES;
				CODE_SIGN_STYLE = Automatic;
				COMBINE_HIDPI_IMAGES = YES;
				CURRENT_PROJECT_VERSION = 1;
				GENERATE_INFOPLIST_FILE = YES;
				LD_RUNPATH_SEARCH_PATHS = (
					"$(inherited)",
					"@executable_path/../Frameworks",
					"@loader_path/../Frameworks",
				);
				MACOSX_DEPLOYMENT_TARGET = 12.0;
				MARKETING_VERSION = 1.0;
				PRODUCT_BUNDLE_IDENTIFIER = "com.maximenory.Tests-macOS";
				PRODUCT_NAME = "$(TARGET_NAME)";
				SDKROOT = macosx;
				SWIFT_EMIT_LOC_STRINGS = NO;
				SWIFT_VERSION = 5.0;
				TEST_TARGET_NAME = "pix (macOS)";
			};
			name = Release;
		};
/* End XCBuildConfiguration section */

/* Begin XCConfigurationList section */
		BD7B2F84273C43F90032B055 /* Build configuration list for PBXProject "pix" */ = {
			isa = XCConfigurationList;
			buildConfigurations = (
				BD7B2FB4273C43FB0032B055 /* Debug */,
				BD7B2FB5273C43FB0032B055 /* Release */,
			);
			defaultConfigurationIsVisible = 0;
			defaultConfigurationName = Release;
		};
		BD7B2FB6273C43FB0032B055 /* Build configuration list for PBXNativeTarget "pix (iOS)" */ = {
			isa = XCConfigurationList;
			buildConfigurations = (
				BD7B2FB7273C43FB0032B055 /* Debug */,
				BD7B2FB8273C43FB0032B055 /* Release */,
			);
			defaultConfigurationIsVisible = 0;
			defaultConfigurationName = Release;
		};
		BD7B2FB9273C43FB0032B055 /* Build configuration list for PBXNativeTarget "pix (macOS)" */ = {
			isa = XCConfigurationList;
			buildConfigurations = (
				BD7B2FBA273C43FB0032B055 /* Debug */,
				BD7B2FBB273C43FB0032B055 /* Release */,
			);
			defaultConfigurationIsVisible = 0;
			defaultConfigurationName = Release;
		};
		BD7B2FBC273C43FB0032B055 /* Build configuration list for PBXNativeTarget "Tests iOS" */ = {
			isa = XCConfigurationList;
			buildConfigurations = (
				BD7B2FBD273C43FB0032B055 /* Debug */,
				BD7B2FBE273C43FB0032B055 /* Release */,
			);
			defaultConfigurationIsVisible = 0;
			defaultConfigurationName = Release;
		};
		BD7B2FBF273C43FB0032B055 /* Build configuration list for PBXNativeTarget "Tests macOS" */ = {
			isa = XCConfigurationList;
			buildConfigurations = (
				BD7B2FC0273C43FB0032B055 /* Debug */,
				BD7B2FC1273C43FB0032B055 /* Release */,
			);
			defaultConfigurationIsVisible = 0;
			defaultConfigurationName = Release;
		};
/* End XCConfigurationList section */

/* Begin XCRemoteSwiftPackageReference section */
		BD374FE6277BBF3F00D56C0A /* XCRemoteSwiftPackageReference "firebase-ios-sdk" */ = {
			isa = XCRemoteSwiftPackageReference;
			repositoryURL = "https://github.com/firebase/firebase-ios-sdk.git";
			requirement = {
				kind = upToNextMajorVersion;
				minimumVersion = 8.10.0;
			};
		};
/* End XCRemoteSwiftPackageReference section */

/* Begin XCSwiftPackageProductDependency section */
		BD374FE7277BBF3F00D56C0A /* FirebaseAnalytics */ = {
			isa = XCSwiftPackageProductDependency;
			package = BD374FE6277BBF3F00D56C0A /* XCRemoteSwiftPackageReference "firebase-ios-sdk" */;
			productName = FirebaseAnalytics;
		};
		BD374FE9277BBF3F00D56C0A /* FirebaseAnalyticsSwift-Beta */ = {
			isa = XCSwiftPackageProductDependency;
			package = BD374FE6277BBF3F00D56C0A /* XCRemoteSwiftPackageReference "firebase-ios-sdk" */;
			productName = "FirebaseAnalyticsSwift-Beta";
		};
		BD374FEB277BBF3F00D56C0A /* FirebaseAuth */ = {
			isa = XCSwiftPackageProductDependency;
			package = BD374FE6277BBF3F00D56C0A /* XCRemoteSwiftPackageReference "firebase-ios-sdk" */;
			productName = FirebaseAuth;
		};
		BD374FED277BBF3F00D56C0A /* FirebaseCrashlytics */ = {
			isa = XCSwiftPackageProductDependency;
			package = BD374FE6277BBF3F00D56C0A /* XCRemoteSwiftPackageReference "firebase-ios-sdk" */;
			productName = FirebaseCrashlytics;
		};
		BD374FEF277BBF3F00D56C0A /* FirebaseDatabase */ = {
			isa = XCSwiftPackageProductDependency;
			package = BD374FE6277BBF3F00D56C0A /* XCRemoteSwiftPackageReference "firebase-ios-sdk" */;
			productName = FirebaseDatabase;
		};
		BD374FF1277BBF3F00D56C0A /* FirebaseDatabaseSwift-Beta */ = {
			isa = XCSwiftPackageProductDependency;
			package = BD374FE6277BBF3F00D56C0A /* XCRemoteSwiftPackageReference "firebase-ios-sdk" */;
			productName = "FirebaseDatabaseSwift-Beta";
		};
		BD374FF3277BBF3F00D56C0A /* FirebaseFirestore */ = {
			isa = XCSwiftPackageProductDependency;
			package = BD374FE6277BBF3F00D56C0A /* XCRemoteSwiftPackageReference "firebase-ios-sdk" */;
			productName = FirebaseFirestore;
		};
		BD374FF5277BBF3F00D56C0A /* FirebaseFirestoreSwift-Beta */ = {
			isa = XCSwiftPackageProductDependency;
			package = BD374FE6277BBF3F00D56C0A /* XCRemoteSwiftPackageReference "firebase-ios-sdk" */;
			productName = "FirebaseFirestoreSwift-Beta";
		};
/* End XCSwiftPackageProductDependency section */
	};
	rootObject = BD7B2F81273C43F90032B055 /* Project object */;
}
